{
  "nodes": {
    "nixpkgs": {
      "locked": {
        "lastModified": 1782188297,
        "narHash": "sha256-imdcA5fgbHK259bhHlyiiSr7bMY1AZ6onOWDdAcydc4=",
        "owner": "nixos",
        "repo": "nixpkgs",
        "rev": "9a1a7dbb18f0eb31c49b031babb8def7eab0af54",
        "type": "github"
      },
      "original": {
        "owner": "nixos",
        "ref": "nixos-25.11",
        "repo": "nixpkgs",
        "type": "github"
      }
    },
    "root": {
      "inputs": {
        "nixpkgs": "nixpkgs"
      }
    }
  },
  "root": "root",
  "version": 7
}
